// !$*UTF8*$!
{
	archiveVersion = 1;
	classes = {
	};
	objectVersion = 51;
	objects = {

/* Begin PBXBuildFile section */
		636C63C824F3EA5200356F57 /* FriendsFirstSectionCell.swift in Sources */ = {isa = PBXBuildFile; fileRef = 636C63C724F3EA5200356F57 /* FriendsFirstSectionCell.swift */; };
		636C63CA24F4392300356F57 /* MyFriendsViewController.swift in Sources */ = {isa = PBXBuildFile; fileRef = 636C63C924F4392300356F57 /* MyFriendsViewController.swift */; };
		636C63CC24F4395C00356F57 /* GroupHeader.swift in Sources */ = {isa = PBXBuildFile; fileRef = 636C63CB24F4395C00356F57 /* GroupHeader.swift */; };
		636C63E324F4675F00356F57 /* FiraSans-Thin.ttf in Resources */ = {isa = PBXBuildFile; fileRef = 636C63D024F4675F00356F57 /* FiraSans-Thin.ttf */; };
		636C63E424F4675F00356F57 /* FiraSans-ExtraLightItalic.ttf in Resources */ = {isa = PBXBuildFile; fileRef = 636C63D124F4675F00356F57 /* FiraSans-ExtraLightItalic.ttf */; };
		636C63E524F4675F00356F57 /* FiraSans-LightItalic.ttf in Resources */ = {isa = PBXBuildFile; fileRef = 636C63D224F4675F00356F57 /* FiraSans-LightItalic.ttf */; };
		636C63E624F4675F00356F57 /* FiraSans-Medium.ttf in Resources */ = {isa = PBXBuildFile; fileRef = 636C63D324F4675F00356F57 /* FiraSans-Medium.ttf */; };
		636C63E724F4675F00356F57 /* FiraSans-BoldItalic.ttf in Resources */ = {isa = PBXBuildFile; fileRef = 636C63D424F4675F00356F57 /* FiraSans-BoldItalic.ttf */; };
		636C63E824F4675F00356F57 /* FiraSans-Bold.ttf in Resources */ = {isa = PBXBuildFile; fileRef = 636C63D524F4675F00356F57 /* FiraSans-Bold.ttf */; };
		636C63E924F4675F00356F57 /* FiraSans-ExtraLight.ttf in Resources */ = {isa = PBXBuildFile; fileRef = 636C63D624F4675F00356F57 /* FiraSans-ExtraLight.ttf */; };
		636C63EA24F4675F00356F57 /* FiraSans-ThinItalic.ttf in Resources */ = {isa = PBXBuildFile; fileRef = 636C63D724F4675F00356F57 /* FiraSans-ThinItalic.ttf */; };
		636C63EB24F4675F00356F57 /* FiraSans-MediumItalic.ttf in Resources */ = {isa = PBXBuildFile; fileRef = 636C63D824F4675F00356F57 /* FiraSans-MediumItalic.ttf */; };
		636C63EC24F4675F00356F57 /* FiraSans-BlackItalic.ttf in Resources */ = {isa = PBXBuildFile; fileRef = 636C63D924F4675F00356F57 /* FiraSans-BlackItalic.ttf */; };
		636C63ED24F4675F00356F57 /* FiraSans-Light.ttf in Resources */ = {isa = PBXBuildFile; fileRef = 636C63DA24F4675F00356F57 /* FiraSans-Light.ttf */; };
		636C63EE24F4675F00356F57 /* FiraSans-Black.ttf in Resources */ = {isa = PBXBuildFile; fileRef = 636C63DB24F4675F00356F57 /* FiraSans-Black.ttf */; };
		636C63EF24F4675F00356F57 /* OFL.txt in Resources */ = {isa = PBXBuildFile; fileRef = 636C63DC24F4675F00356F57 /* OFL.txt */; };
		636C63F024F4675F00356F57 /* FiraSans-ExtraBold.ttf in Resources */ = {isa = PBXBuildFile; fileRef = 636C63DD24F4675F00356F57 /* FiraSans-ExtraBold.ttf */; };
		636C63F124F4675F00356F57 /* FiraSans-SemiBold.ttf in Resources */ = {isa = PBXBuildFile; fileRef = 636C63DE24F4675F00356F57 /* FiraSans-SemiBold.ttf */; };
		636C63F224F4675F00356F57 /* FiraSans-SemiBoldItalic.ttf in Resources */ = {isa = PBXBuildFile; fileRef = 636C63DF24F4675F00356F57 /* FiraSans-SemiBoldItalic.ttf */; };
		636C63F324F4675F00356F57 /* FiraSans-ExtraBoldItalic.ttf in Resources */ = {isa = PBXBuildFile; fileRef = 636C63E024F4675F00356F57 /* FiraSans-ExtraBoldItalic.ttf */; };
		636C63F424F4675F00356F57 /* FiraSans-Regular.ttf in Resources */ = {isa = PBXBuildFile; fileRef = 636C63E124F4675F00356F57 /* FiraSans-Regular.ttf */; };
		636C63F524F4675F00356F57 /* FiraSans-Italic.ttf in Resources */ = {isa = PBXBuildFile; fileRef = 636C63E224F4675F00356F57 /* FiraSans-Italic.ttf */; };
		636C640424F4678900356F57 /* RobotoSlab-VariableFont_wght.ttf in Resources */ = {isa = PBXBuildFile; fileRef = 636C63F724F4678900356F57 /* RobotoSlab-VariableFont_wght.ttf */; };
		636C640524F4678900356F57 /* RobotoSlab-Medium.ttf in Resources */ = {isa = PBXBuildFile; fileRef = 636C63F924F4678900356F57 /* RobotoSlab-Medium.ttf */; };
		636C640624F4678900356F57 /* RobotoSlab-SemiBold.ttf in Resources */ = {isa = PBXBuildFile; fileRef = 636C63FA24F4678900356F57 /* RobotoSlab-SemiBold.ttf */; };
		636C640724F4678900356F57 /* RobotoSlab-ExtraBold.ttf in Resources */ = {isa = PBXBuildFile; fileRef = 636C63FB24F4678900356F57 /* RobotoSlab-ExtraBold.ttf */; };
		636C640824F4678900356F57 /* RobotoSlab-Thin.ttf in Resources */ = {isa = PBXBuildFile; fileRef = 636C63FC24F4678900356F57 /* RobotoSlab-Thin.ttf */; };
		636C640924F4678900356F57 /* RobotoSlab-Black.ttf in Resources */ = {isa = PBXBuildFile; fileRef = 636C63FD24F4678900356F57 /* RobotoSlab-Black.ttf */; };
		636C640A24F4678900356F57 /* RobotoSlab-Bold.ttf in Resources */ = {isa = PBXBuildFile; fileRef = 636C63FE24F4678900356F57 /* RobotoSlab-Bold.ttf */; };
		636C640B24F4678900356F57 /* RobotoSlab-Light.ttf in Resources */ = {isa = PBXBuildFile; fileRef = 636C63FF24F4678900356F57 /* RobotoSlab-Light.ttf */; };
		636C640C24F4678900356F57 /* RobotoSlab-ExtraLight.ttf in Resources */ = {isa = PBXBuildFile; fileRef = 636C640024F4678900356F57 /* RobotoSlab-ExtraLight.ttf */; };
		636C640D24F4678900356F57 /* RobotoSlab-Regular.ttf in Resources */ = {isa = PBXBuildFile; fileRef = 636C640124F4678900356F57 /* RobotoSlab-Regular.ttf */; };
		636C640E24F4678900356F57 /* README.txt in Resources */ = {isa = PBXBuildFile; fileRef = 636C640224F4678900356F57 /* README.txt */; };
		636C640F24F4678900356F57 /* LICENSE.txt in Resources */ = {isa = PBXBuildFile; fileRef = 636C640324F4678900356F57 /* LICENSE.txt */; };
		636C641324F4897D00356F57 /* RealmService.swift in Sources */ = {isa = PBXBuildFile; fileRef = 636C641224F4897D00356F57 /* RealmService.swift */; };
		636C641C24F7EA0100356F57 /* UserPhotosViewController.swift in Sources */ = {isa = PBXBuildFile; fileRef = 636C641B24F7EA0100356F57 /* UserPhotosViewController.swift */; };
		636C641E2500D68900356F57 /* UserFriendModel.swift in Sources */ = {isa = PBXBuildFile; fileRef = 636C641D2500D68800356F57 /* UserFriendModel.swift */; };
		6370CE05250D2BD400F7BDB4 /* FriendsParametrs.swift in Sources */ = {isa = PBXBuildFile; fileRef = 6370CE04250D2BD400F7BDB4 /* FriendsParametrs.swift */; };
		6370CE07250D343300F7BDB4 /* GropsRequestParams.swift in Sources */ = {isa = PBXBuildFile; fileRef = 6370CE06250D343300F7BDB4 /* GropsRequestParams.swift */; };
		6370CE09250D351E00F7BDB4 /* RequestParametrizable.swift in Sources */ = {isa = PBXBuildFile; fileRef = 6370CE08250D351E00F7BDB4 /* RequestParametrizable.swift */; };
		6370CE0F250D3A6C00F7BDB4 /* UserFriends.storyboard in Resources */ = {isa = PBXBuildFile; fileRef = 6370CE0E250D3A6C00F7BDB4 /* UserFriends.storyboard */; };
		6370CE13250D529A00F7BDB4 /* RequestParams.swift in Sources */ = {isa = PBXBuildFile; fileRef = 6370CE12250D529A00F7BDB4 /* RequestParams.swift */; };
		63AFAA0C25063CD800B08FFE /* GoogleService-Info.plist in Resources */ = {isa = PBXBuildFile; fileRef = 63AFAA0B25063CD800B08FFE /* GoogleService-Info.plist */; };
		63AFAA0E250640CF00B08FFE /* CustomLoginViewController.swift in Sources */ = {isa = PBXBuildFile; fileRef = 63AFAA0D250640CF00B08FFE /* CustomLoginViewController.swift */; };
		63AFAA112506446500B08FFE /* ViewControllerExtensions.swift in Sources */ = {isa = PBXBuildFile; fileRef = 63AFAA102506446500B08FFE /* ViewControllerExtensions.swift */; };
		63D1C8A924F2E57E00F39111 /* AppDelegate.swift in Sources */ = {isa = PBXBuildFile; fileRef = 63D1C8A824F2E57E00F39111 /* AppDelegate.swift */; };
		63D1C8AB24F2E57E00F39111 /* SceneDelegate.swift in Sources */ = {isa = PBXBuildFile; fileRef = 63D1C8AA24F2E57E00F39111 /* SceneDelegate.swift */; };
		63D1C8B024F2E57E00F39111 /* Main.storyboard in Resources */ = {isa = PBXBuildFile; fileRef = 63D1C8AE24F2E57E00F39111 /* Main.storyboard */; };
		63D1C8B224F2E58300F39111 /* Assets.xcassets in Resources */ = {isa = PBXBuildFile; fileRef = 63D1C8B124F2E58300F39111 /* Assets.xcassets */; };
		63D1C8B524F2E58300F39111 /* LaunchScreen.storyboard in Resources */ = {isa = PBXBuildFile; fileRef = 63D1C8B324F2E58300F39111 /* LaunchScreen.storyboard */; };
		63D1C8C024F2E58300F39111 /* vkTests.swift in Sources */ = {isa = PBXBuildFile; fileRef = 63D1C8BF24F2E58300F39111 /* vkTests.swift */; };
		63D1C8CB24F2E58300F39111 /* vkUITests.swift in Sources */ = {isa = PBXBuildFile; fileRef = 63D1C8CA24F2E58300F39111 /* vkUITests.swift */; };
		63D1C8DA24F2E6D600F39111 /* Session.swift in Sources */ = {isa = PBXBuildFile; fileRef = 63D1C8D924F2E6D600F39111 /* Session.swift */; };
		63D1C8DC24F2E70D00F39111 /* NetworkService.swift in Sources */ = {isa = PBXBuildFile; fileRef = 63D1C8DB24F2E70D00F39111 /* NetworkService.swift */; };
		63D1C8DF24F2E76E00F39111 /* VKLoginController.swift in Sources */ = {isa = PBXBuildFile; fileRef = 63D1C8DE24F2E76E00F39111 /* VKLoginController.swift */; };
		63D1C8E124F2E78D00F39111 /* WebKit.framework in Frameworks */ = {isa = PBXBuildFile; fileRef = 63D1C8E024F2E78D00F39111 /* WebKit.framework */; };
		63D1C8E324F2E80000F39111 /* MyGroupsViewController.swift in Sources */ = {isa = PBXBuildFile; fileRef = 63D1C8E224F2E80000F39111 /* MyGroupsViewController.swift */; };
		63D1C8E824F2E8AD00F39111 /* UserFriendsModel.swift in Sources */ = {isa = PBXBuildFile; fileRef = 63D1C8E724F2E8AD00F39111 /* UserFriendsModel.swift */; };
		63D1C8EA24F2E8DA00F39111 /* UserModel.swift in Sources */ = {isa = PBXBuildFile; fileRef = 63D1C8E924F2E8DA00F39111 /* UserModel.swift */; };
		63D1C8EC24F2E8FD00F39111 /* UserGroupsModel.swift in Sources */ = {isa = PBXBuildFile; fileRef = 63D1C8EB24F2E8FD00F39111 /* UserGroupsModel.swift */; };
		63D1C8EE24F2E92400F39111 /* UserGroupInvitationModel.swift in Sources */ = {isa = PBXBuildFile; fileRef = 63D1C8ED24F2E92400F39111 /* UserGroupInvitationModel.swift */; };
		63D1C8F024F2E94300F39111 /* GroupModel.swift in Sources */ = {isa = PBXBuildFile; fileRef = 63D1C8EF24F2E94300F39111 /* GroupModel.swift */; };
		63D1C8F224F2E96100F39111 /* Post.swift in Sources */ = {isa = PBXBuildFile; fileRef = 63D1C8F124F2E96100F39111 /* Post.swift */; };
		63D1C8F924F2EA1500F39111 /* FriendCell.swift in Sources */ = {isa = PBXBuildFile; fileRef = 63D1C8F824F2EA1500F39111 /* FriendCell.swift */; };
		63D1C8FD24F2EA7500F39111 /* GroupCell.swift in Sources */ = {isa = PBXBuildFile; fileRef = 63D1C8FC24F2EA7500F39111 /* GroupCell.swift */; };
		63D1C8FF24F2EA9500F39111 /* GroupInvitationCell.swift in Sources */ = {isa = PBXBuildFile; fileRef = 63D1C8FE24F2EA9500F39111 /* GroupInvitationCell.swift */; };
		63D1C90324F2EAFB00F39111 /* GroupCellModel.swift in Sources */ = {isa = PBXBuildFile; fileRef = 63D1C90224F2EAFB00F39111 /* GroupCellModel.swift */; };
		63D1C90524F2EB1800F39111 /* GroupInvitationCellModel.swift in Sources */ = {isa = PBXBuildFile; fileRef = 63D1C90424F2EB1800F39111 /* GroupInvitationCellModel.swift */; };
		63D1C91724F306E800F39111 /* City.swift in Sources */ = {isa = PBXBuildFile; fileRef = 63D1C91624F306E800F39111 /* City.swift */; };
		63D1C91924F3093B00F39111 /* Response.swift in Sources */ = {isa = PBXBuildFile; fileRef = 63D1C91824F3093B00F39111 /* Response.swift */; };
		63F353B3251655850051B294 /* NewsViewController.swift in Sources */ = {isa = PBXBuildFile; fileRef = 63F353B2251655850051B294 /* NewsViewController.swift */; };
		BC28170EAFBB81061F15D701 /* Pods_vk.framework in Frameworks */ = {isa = PBXBuildFile; fileRef = 6C12623064DD68FBD8A28EAA /* Pods_vk.framework */; };
/* End PBXBuildFile section */

/* Begin PBXContainerItemProxy section */
		63D1C8BC24F2E58300F39111 /* PBXContainerItemProxy */ = {
			isa = PBXContainerItemProxy;
			containerPortal = 63D1C89D24F2E57E00F39111 /* Project object */;
			proxyType = 1;
			remoteGlobalIDString = 63D1C8A424F2E57E00F39111;
			remoteInfo = vk;
		};
		63D1C8C724F2E58300F39111 /* PBXContainerItemProxy */ = {
			isa = PBXContainerItemProxy;
			containerPortal = 63D1C89D24F2E57E00F39111 /* Project object */;
			proxyType = 1;
			remoteGlobalIDString = 63D1C8A424F2E57E00F39111;
			remoteInfo = vk;
		};
/* End PBXContainerItemProxy section */

/* Begin PBXFileReference section */
		636C63C724F3EA5200356F57 /* FriendsFirstSectionCell.swift */ = {isa = PBXFileReference; lastKnownFileType = sourcecode.swift; path = FriendsFirstSectionCell.swift; sourceTree = "<group>"; };
		636C63C924F4392300356F57 /* MyFriendsViewController.swift */ = {isa = PBXFileReference; lastKnownFileType = sourcecode.swift; path = MyFriendsViewController.swift; sourceTree = "<group>"; };
		636C63CB24F4395C00356F57 /* GroupHeader.swift */ = {isa = PBXFileReference; lastKnownFileType = sourcecode.swift; path = GroupHeader.swift; sourceTree = "<group>"; };
		636C63D024F4675F00356F57 /* FiraSans-Thin.ttf */ = {isa = PBXFileReference; lastKnownFileType = file; path = "FiraSans-Thin.ttf"; sourceTree = "<group>"; };
		636C63D124F4675F00356F57 /* FiraSans-ExtraLightItalic.ttf */ = {isa = PBXFileReference; lastKnownFileType = file; path = "FiraSans-ExtraLightItalic.ttf"; sourceTree = "<group>"; };
		636C63D224F4675F00356F57 /* FiraSans-LightItalic.ttf */ = {isa = PBXFileReference; lastKnownFileType = file; path = "FiraSans-LightItalic.ttf"; sourceTree = "<group>"; };
		636C63D324F4675F00356F57 /* FiraSans-Medium.ttf */ = {isa = PBXFileReference; lastKnownFileType = file; path = "FiraSans-Medium.ttf"; sourceTree = "<group>"; };
		636C63D424F4675F00356F57 /* FiraSans-BoldItalic.ttf */ = {isa = PBXFileReference; lastKnownFileType = file; path = "FiraSans-BoldItalic.ttf"; sourceTree = "<group>"; };
		636C63D524F4675F00356F57 /* FiraSans-Bold.ttf */ = {isa = PBXFileReference; lastKnownFileType = file; path = "FiraSans-Bold.ttf"; sourceTree = "<group>"; };
		636C63D624F4675F00356F57 /* FiraSans-ExtraLight.ttf */ = {isa = PBXFileReference; lastKnownFileType = file; path = "FiraSans-ExtraLight.ttf"; sourceTree = "<group>"; };
		636C63D724F4675F00356F57 /* FiraSans-ThinItalic.ttf */ = {isa = PBXFileReference; lastKnownFileType = file; path = "FiraSans-ThinItalic.ttf"; sourceTree = "<group>"; };
		636C63D824F4675F00356F57 /* FiraSans-MediumItalic.ttf */ = {isa = PBXFileReference; lastKnownFileType = file; path = "FiraSans-MediumItalic.ttf"; sourceTree = "<group>"; };
		636C63D924F4675F00356F57 /* FiraSans-BlackItalic.ttf */ = {isa = PBXFileReference; lastKnownFileType = file; path = "FiraSans-BlackItalic.ttf"; sourceTree = "<group>"; };
		636C63DA24F4675F00356F57 /* FiraSans-Light.ttf */ = {isa = PBXFileReference; lastKnownFileType = file; path = "FiraSans-Light.ttf"; sourceTree = "<group>"; };
		636C63DB24F4675F00356F57 /* FiraSans-Black.ttf */ = {isa = PBXFileReference; lastKnownFileType = file; path = "FiraSans-Black.ttf"; sourceTree = "<group>"; };
		636C63DC24F4675F00356F57 /* OFL.txt */ = {isa = PBXFileReference; fileEncoding = 4; lastKnownFileType = text; path = OFL.txt; sourceTree = "<group>"; };
		636C63DD24F4675F00356F57 /* FiraSans-ExtraBold.ttf */ = {isa = PBXFileReference; lastKnownFileType = file; path = "FiraSans-ExtraBold.ttf"; sourceTree = "<group>"; };
		636C63DE24F4675F00356F57 /* FiraSans-SemiBold.ttf */ = {isa = PBXFileReference; lastKnownFileType = file; path = "FiraSans-SemiBold.ttf"; sourceTree = "<group>"; };
		636C63DF24F4675F00356F57 /* FiraSans-SemiBoldItalic.ttf */ = {isa = PBXFileReference; lastKnownFileType = file; path = "FiraSans-SemiBoldItalic.ttf"; sourceTree = "<group>"; };
		636C63E024F4675F00356F57 /* FiraSans-ExtraBoldItalic.ttf */ = {isa = PBXFileReference; lastKnownFileType = file; path = "FiraSans-ExtraBoldItalic.ttf"; sourceTree = "<group>"; };
		636C63E124F4675F00356F57 /* FiraSans-Regular.ttf */ = {isa = PBXFileReference; lastKnownFileType = file; path = "FiraSans-Regular.ttf"; sourceTree = "<group>"; };
		636C63E224F4675F00356F57 /* FiraSans-Italic.ttf */ = {isa = PBXFileReference; lastKnownFileType = file; path = "FiraSans-Italic.ttf"; sourceTree = "<group>"; };
		636C63F724F4678900356F57 /* RobotoSlab-VariableFont_wght.ttf */ = {isa = PBXFileReference; lastKnownFileType = file; path = "RobotoSlab-VariableFont_wght.ttf"; sourceTree = "<group>"; };
		636C63F924F4678900356F57 /* RobotoSlab-Medium.ttf */ = {isa = PBXFileReference; lastKnownFileType = file; path = "RobotoSlab-Medium.ttf"; sourceTree = "<group>"; };
		636C63FA24F4678900356F57 /* RobotoSlab-SemiBold.ttf */ = {isa = PBXFileReference; lastKnownFileType = file; path = "RobotoSlab-SemiBold.ttf"; sourceTree = "<group>"; };
		636C63FB24F4678900356F57 /* RobotoSlab-ExtraBold.ttf */ = {isa = PBXFileReference; lastKnownFileType = file; path = "RobotoSlab-ExtraBold.ttf"; sourceTree = "<group>"; };
		636C63FC24F4678900356F57 /* RobotoSlab-Thin.ttf */ = {isa = PBXFileReference; lastKnownFileType = file; path = "RobotoSlab-Thin.ttf"; sourceTree = "<group>"; };
		636C63FD24F4678900356F57 /* RobotoSlab-Black.ttf */ = {isa = PBXFileReference; lastKnownFileType = file; path = "RobotoSlab-Black.ttf"; sourceTree = "<group>"; };
		636C63FE24F4678900356F57 /* RobotoSlab-Bold.ttf */ = {isa = PBXFileReference; lastKnownFileType = file; path = "RobotoSlab-Bold.ttf"; sourceTree = "<group>"; };
		636C63FF24F4678900356F57 /* RobotoSlab-Light.ttf */ = {isa = PBXFileReference; lastKnownFileType = file; path = "RobotoSlab-Light.ttf"; sourceTree = "<group>"; };
		636C640024F4678900356F57 /* RobotoSlab-ExtraLight.ttf */ = {isa = PBXFileReference; lastKnownFileType = file; path = "RobotoSlab-ExtraLight.ttf"; sourceTree = "<group>"; };
		636C640124F4678900356F57 /* RobotoSlab-Regular.ttf */ = {isa = PBXFileReference; lastKnownFileType = file; path = "RobotoSlab-Regular.ttf"; sourceTree = "<group>"; };
		636C640224F4678900356F57 /* README.txt */ = {isa = PBXFileReference; fileEncoding = 4; lastKnownFileType = text; path = README.txt; sourceTree = "<group>"; };
		636C640324F4678900356F57 /* LICENSE.txt */ = {isa = PBXFileReference; fileEncoding = 4; lastKnownFileType = text; path = LICENSE.txt; sourceTree = "<group>"; };
		636C641224F4897D00356F57 /* RealmService.swift */ = {isa = PBXFileReference; lastKnownFileType = sourcecode.swift; path = RealmService.swift; sourceTree = "<group>"; };
		636C641B24F7EA0100356F57 /* UserPhotosViewController.swift */ = {isa = PBXFileReference; lastKnownFileType = sourcecode.swift; path = UserPhotosViewController.swift; sourceTree = "<group>"; };
		636C641D2500D68800356F57 /* UserFriendModel.swift */ = {isa = PBXFileReference; lastKnownFileType = sourcecode.swift; path = UserFriendModel.swift; sourceTree = "<group>"; };
		6370CE04250D2BD400F7BDB4 /* FriendsParametrs.swift */ = {isa = PBXFileReference; lastKnownFileType = sourcecode.swift; path = FriendsParametrs.swift; sourceTree = "<group>"; };
		6370CE06250D343300F7BDB4 /* GropsRequestParams.swift */ = {isa = PBXFileReference; lastKnownFileType = sourcecode.swift; path = GropsRequestParams.swift; sourceTree = "<group>"; };
		6370CE08250D351E00F7BDB4 /* RequestParametrizable.swift */ = {isa = PBXFileReference; lastKnownFileType = sourcecode.swift; path = RequestParametrizable.swift; sourceTree = "<group>"; };
		6370CE0E250D3A6C00F7BDB4 /* UserFriends.storyboard */ = {isa = PBXFileReference; fileEncoding = 4; lastKnownFileType = file.storyboard; path = UserFriends.storyboard; sourceTree = "<group>"; };
		6370CE12250D529A00F7BDB4 /* RequestParams.swift */ = {isa = PBXFileReference; lastKnownFileType = sourcecode.swift; path = RequestParams.swift; sourceTree = "<group>"; };
		63AFAA0B25063CD800B08FFE /* GoogleService-Info.plist */ = {isa = PBXFileReference; fileEncoding = 4; lastKnownFileType = text.plist.xml; path = "GoogleService-Info.plist"; sourceTree = "<group>"; };
		63AFAA0D250640CF00B08FFE /* CustomLoginViewController.swift */ = {isa = PBXFileReference; lastKnownFileType = sourcecode.swift; path = CustomLoginViewController.swift; sourceTree = "<group>"; };
		63AFAA102506446500B08FFE /* ViewControllerExtensions.swift */ = {isa = PBXFileReference; lastKnownFileType = sourcecode.swift; path = ViewControllerExtensions.swift; sourceTree = "<group>"; };
		63D1C8A524F2E57E00F39111 /* vk.app */ = {isa = PBXFileReference; explicitFileType = wrapper.application; includeInIndex = 0; path = vk.app; sourceTree = BUILT_PRODUCTS_DIR; };
		63D1C8A824F2E57E00F39111 /* AppDelegate.swift */ = {isa = PBXFileReference; lastKnownFileType = sourcecode.swift; path = AppDelegate.swift; sourceTree = "<group>"; };
		63D1C8AA24F2E57E00F39111 /* SceneDelegate.swift */ = {isa = PBXFileReference; lastKnownFileType = sourcecode.swift; path = SceneDelegate.swift; sourceTree = "<group>"; };
		63D1C8AF24F2E57E00F39111 /* Base */ = {isa = PBXFileReference; lastKnownFileType = file.storyboard; name = Base; path = Base.lproj/Main.storyboard; sourceTree = "<group>"; };
		63D1C8B124F2E58300F39111 /* Assets.xcassets */ = {isa = PBXFileReference; lastKnownFileType = folder.assetcatalog; path = Assets.xcassets; sourceTree = "<group>"; };
		63D1C8B424F2E58300F39111 /* Base */ = {isa = PBXFileReference; lastKnownFileType = file.storyboard; name = Base; path = Base.lproj/LaunchScreen.storyboard; sourceTree = "<group>"; };
		63D1C8B624F2E58300F39111 /* Info.plist */ = {isa = PBXFileReference; lastKnownFileType = text.plist.xml; path = Info.plist; sourceTree = "<group>"; };
		63D1C8BB24F2E58300F39111 /* vkTests.xctest */ = {isa = PBXFileReference; explicitFileType = wrapper.cfbundle; includeInIndex = 0; path = vkTests.xctest; sourceTree = BUILT_PRODUCTS_DIR; };
		63D1C8BF24F2E58300F39111 /* vkTests.swift */ = {isa = PBXFileReference; lastKnownFileType = sourcecode.swift; path = vkTests.swift; sourceTree = "<group>"; };
		63D1C8C124F2E58300F39111 /* Info.plist */ = {isa = PBXFileReference; lastKnownFileType = text.plist.xml; path = Info.plist; sourceTree = "<group>"; };
		63D1C8C624F2E58300F39111 /* vkUITests.xctest */ = {isa = PBXFileReference; explicitFileType = wrapper.cfbundle; includeInIndex = 0; path = vkUITests.xctest; sourceTree = BUILT_PRODUCTS_DIR; };
		63D1C8CA24F2E58300F39111 /* vkUITests.swift */ = {isa = PBXFileReference; lastKnownFileType = sourcecode.swift; path = vkUITests.swift; sourceTree = "<group>"; };
		63D1C8CC24F2E58300F39111 /* Info.plist */ = {isa = PBXFileReference; lastKnownFileType = text.plist.xml; path = Info.plist; sourceTree = "<group>"; };
		63D1C8D924F2E6D600F39111 /* Session.swift */ = {isa = PBXFileReference; lastKnownFileType = sourcecode.swift; path = Session.swift; sourceTree = "<group>"; };
		63D1C8DB24F2E70D00F39111 /* NetworkService.swift */ = {isa = PBXFileReference; lastKnownFileType = sourcecode.swift; path = NetworkService.swift; sourceTree = "<group>"; };
		63D1C8DE24F2E76E00F39111 /* VKLoginController.swift */ = {isa = PBXFileReference; lastKnownFileType = sourcecode.swift; path = VKLoginController.swift; sourceTree = "<group>"; };
		63D1C8E024F2E78D00F39111 /* WebKit.framework */ = {isa = PBXFileReference; lastKnownFileType = wrapper.framework; name = WebKit.framework; path = System/Library/Frameworks/WebKit.framework; sourceTree = SDKROOT; };
		63D1C8E224F2E80000F39111 /* MyGroupsViewController.swift */ = {isa = PBXFileReference; lastKnownFileType = sourcecode.swift; path = MyGroupsViewController.swift; sourceTree = "<group>"; };
		63D1C8E724F2E8AD00F39111 /* UserFriendsModel.swift */ = {isa = PBXFileReference; lastKnownFileType = sourcecode.swift; path = UserFriendsModel.swift; sourceTree = "<group>"; };
		63D1C8E924F2E8DA00F39111 /* UserModel.swift */ = {isa = PBXFileReference; lastKnownFileType = sourcecode.swift; path = UserModel.swift; sourceTree = "<group>"; };
		63D1C8EB24F2E8FD00F39111 /* UserGroupsModel.swift */ = {isa = PBXFileReference; lastKnownFileType = sourcecode.swift; path = UserGroupsModel.swift; sourceTree = "<group>"; };
		63D1C8ED24F2E92400F39111 /* UserGroupInvitationModel.swift */ = {isa = PBXFileReference; lastKnownFileType = sourcecode.swift; path = UserGroupInvitationModel.swift; sourceTree = "<group>"; };
		63D1C8EF24F2E94300F39111 /* GroupModel.swift */ = {isa = PBXFileReference; lastKnownFileType = sourcecode.swift; path = GroupModel.swift; sourceTree = "<group>"; };
		63D1C8F124F2E96100F39111 /* Post.swift */ = {isa = PBXFileReference; lastKnownFileType = sourcecode.swift; path = Post.swift; sourceTree = "<group>"; };
		63D1C8F824F2EA1500F39111 /* FriendCell.swift */ = {isa = PBXFileReference; lastKnownFileType = sourcecode.swift; path = FriendCell.swift; sourceTree = "<group>"; };
		63D1C8FC24F2EA7500F39111 /* GroupCell.swift */ = {isa = PBXFileReference; lastKnownFileType = sourcecode.swift; path = GroupCell.swift; sourceTree = "<group>"; };
		63D1C8FE24F2EA9500F39111 /* GroupInvitationCell.swift */ = {isa = PBXFileReference; lastKnownFileType = sourcecode.swift; path = GroupInvitationCell.swift; sourceTree = "<group>"; };
		63D1C90224F2EAFB00F39111 /* GroupCellModel.swift */ = {isa = PBXFileReference; lastKnownFileType = sourcecode.swift; path = GroupCellModel.swift; sourceTree = "<group>"; };
		63D1C90424F2EB1800F39111 /* GroupInvitationCellModel.swift */ = {isa = PBXFileReference; lastKnownFileType = sourcecode.swift; path = GroupInvitationCellModel.swift; sourceTree = "<group>"; };
		63D1C91624F306E800F39111 /* City.swift */ = {isa = PBXFileReference; lastKnownFileType = sourcecode.swift; path = City.swift; sourceTree = "<group>"; };
		63D1C91824F3093B00F39111 /* Response.swift */ = {isa = PBXFileReference; lastKnownFileType = sourcecode.swift; path = Response.swift; sourceTree = "<group>"; };
		63F353B2251655850051B294 /* NewsViewController.swift */ = {isa = PBXFileReference; lastKnownFileType = sourcecode.swift; path = NewsViewController.swift; sourceTree = "<group>"; };
		6C12623064DD68FBD8A28EAA /* Pods_vk.framework */ = {isa = PBXFileReference; explicitFileType = wrapper.framework; includeInIndex = 0; path = Pods_vk.framework; sourceTree = BUILT_PRODUCTS_DIR; };
		92215BA8DDCA045A64D86C4E /* Pods-vk.release.xcconfig */ = {isa = PBXFileReference; includeInIndex = 1; lastKnownFileType = text.xcconfig; name = "Pods-vk.release.xcconfig"; path = "Target Support Files/Pods-vk/Pods-vk.release.xcconfig"; sourceTree = "<group>"; };
		B73DD68D31133B58F1721102 /* Pods-vk.debug.xcconfig */ = {isa = PBXFileReference; includeInIndex = 1; lastKnownFileType = text.xcconfig; name = "Pods-vk.debug.xcconfig"; path = "Target Support Files/Pods-vk/Pods-vk.debug.xcconfig"; sourceTree = "<group>"; };
/* End PBXFileReference section */

/* Begin PBXFrameworksBuildPhase section */
		63D1C8A224F2E57E00F39111 /* Frameworks */ = {
			isa = PBXFrameworksBuildPhase;
			buildActionMask = 2147483647;
			files = (
				63D1C8E124F2E78D00F39111 /* WebKit.framework in Frameworks */,
				BC28170EAFBB81061F15D701 /* Pods_vk.framework in Frameworks */,
			);
			runOnlyForDeploymentPostprocessing = 0;
		};
		63D1C8B824F2E58300F39111 /* Frameworks */ = {
			isa = PBXFrameworksBuildPhase;
			buildActionMask = 2147483647;
			files = (
			);
			runOnlyForDeploymentPostprocessing = 0;
		};
		63D1C8C324F2E58300F39111 /* Frameworks */ = {
			isa = PBXFrameworksBuildPhase;
			buildActionMask = 2147483647;
			files = (
			);
			runOnlyForDeploymentPostprocessing = 0;
		};
/* End PBXFrameworksBuildPhase section */

/* Begin PBXGroup section */
		37B3E1869CD90B04F0892B1C /* Pods */ = {
			isa = PBXGroup;
			children = (
				B73DD68D31133B58F1721102 /* Pods-vk.debug.xcconfig */,
				92215BA8DDCA045A64D86C4E /* Pods-vk.release.xcconfig */,
			);
			path = Pods;
			sourceTree = "<group>";
		};
		636C63CD24F466F300356F57 /* Fonts */ = {
			isa = PBXGroup;
			children = (
				636C63F624F4678900356F57 /* Roboto_Slab */,
				636C63CF24F4675F00356F57 /* Fira_Sans */,
			);
			path = Fonts;
			sourceTree = "<group>";
		};
		636C63CE24F4672700356F57 /* Supporting Files */ = {
			isa = PBXGroup;
			children = (
				63D1C8A824F2E57E00F39111 /* AppDelegate.swift */,
				63D1C8AA24F2E57E00F39111 /* SceneDelegate.swift */,
				63D1C8B324F2E58300F39111 /* LaunchScreen.storyboard */,
				63D1C8B124F2E58300F39111 /* Assets.xcassets */,
			);
			path = "Supporting Files";
			sourceTree = "<group>";
		};
		636C63CF24F4675F00356F57 /* Fira_Sans */ = {
			isa = PBXGroup;
			children = (
				636C63D024F4675F00356F57 /* FiraSans-Thin.ttf */,
				636C63D124F4675F00356F57 /* FiraSans-ExtraLightItalic.ttf */,
				636C63D224F4675F00356F57 /* FiraSans-LightItalic.ttf */,
				636C63D324F4675F00356F57 /* FiraSans-Medium.ttf */,
				636C63D424F4675F00356F57 /* FiraSans-BoldItalic.ttf */,
				636C63D524F4675F00356F57 /* FiraSans-Bold.ttf */,
				636C63D624F4675F00356F57 /* FiraSans-ExtraLight.ttf */,
				636C63D724F4675F00356F57 /* FiraSans-ThinItalic.ttf */,
				636C63D824F4675F00356F57 /* FiraSans-MediumItalic.ttf */,
				636C63D924F4675F00356F57 /* FiraSans-BlackItalic.ttf */,
				636C63DA24F4675F00356F57 /* FiraSans-Light.ttf */,
				636C63DB24F4675F00356F57 /* FiraSans-Black.ttf */,
				636C63DC24F4675F00356F57 /* OFL.txt */,
				636C63DD24F4675F00356F57 /* FiraSans-ExtraBold.ttf */,
				636C63DE24F4675F00356F57 /* FiraSans-SemiBold.ttf */,
				636C63DF24F4675F00356F57 /* FiraSans-SemiBoldItalic.ttf */,
				636C63E024F4675F00356F57 /* FiraSans-ExtraBoldItalic.ttf */,
				636C63E124F4675F00356F57 /* FiraSans-Regular.ttf */,
				636C63E224F4675F00356F57 /* FiraSans-Italic.ttf */,
			);
			path = Fira_Sans;
			sourceTree = "<group>";
		};
		636C63F624F4678900356F57 /* Roboto_Slab */ = {
			isa = PBXGroup;
			children = (
				636C63F724F4678900356F57 /* RobotoSlab-VariableFont_wght.ttf */,
				636C63F824F4678900356F57 /* static */,
				636C640224F4678900356F57 /* README.txt */,
				636C640324F4678900356F57 /* LICENSE.txt */,
			);
			path = Roboto_Slab;
			sourceTree = "<group>";
		};
		636C63F824F4678900356F57 /* static */ = {
			isa = PBXGroup;
			children = (
				636C63F924F4678900356F57 /* RobotoSlab-Medium.ttf */,
				636C63FA24F4678900356F57 /* RobotoSlab-SemiBold.ttf */,
				636C63FB24F4678900356F57 /* RobotoSlab-ExtraBold.ttf */,
				636C63FC24F4678900356F57 /* RobotoSlab-Thin.ttf */,
				636C63FD24F4678900356F57 /* RobotoSlab-Black.ttf */,
				636C63FE24F4678900356F57 /* RobotoSlab-Bold.ttf */,
				636C63FF24F4678900356F57 /* RobotoSlab-Light.ttf */,
				636C640024F4678900356F57 /* RobotoSlab-ExtraLight.ttf */,
				636C640124F4678900356F57 /* RobotoSlab-Regular.ttf */,
			);
			path = static;
			sourceTree = "<group>";
		};
		636C641624F4E52800356F57 /* Screens */ = {
			isa = PBXGroup;
			children = (
				636C641724F4E58F00356F57 /* User Friends */,
				636C641A24F7E9BF00356F57 /* User Photos */,
				6370CE162516544E00F7BDB4 /* User News */,
				63D1C8DD24F2E73100F39111 /* User Groups */,
				63AFAA1225064A2300B08FFE /* Log In */,
				63D1C8AE24F2E57E00F39111 /* Main.storyboard */,
			);
			path = Screens;
			sourceTree = "<group>";
		};
		636C641724F4E58F00356F57 /* User Friends */ = {
			isa = PBXGroup;
			children = (
				636C641824F4E5C000356F57 /* Components */,
				636C63C924F4392300356F57 /* MyFriendsViewController.swift */,
				6370CE0E250D3A6C00F7BDB4 /* UserFriends.storyboard */,
				6370CE0D250D3A5300F7BDB4 /* New Group */,
			);
			path = "User Friends";
			sourceTree = "<group>";
		};
		636C641824F4E5C000356F57 /* Components */ = {
			isa = PBXGroup;
			children = (
				636C63C724F3EA5200356F57 /* FriendsFirstSectionCell.swift */,
				63D1C8F824F2EA1500F39111 /* FriendCell.swift */,
				636C63CB24F4395C00356F57 /* GroupHeader.swift */,
			);
			path = Components;
			sourceTree = "<group>";
		};
		636C641924F4E63800356F57 /* Components */ = {
			isa = PBXGroup;
			children = (
				63D1C90224F2EAFB00F39111 /* GroupCellModel.swift */,
				63D1C8FE24F2EA9500F39111 /* GroupInvitationCell.swift */,
				63D1C8FC24F2EA7500F39111 /* GroupCell.swift */,
				63D1C90424F2EB1800F39111 /* GroupInvitationCellModel.swift */,
			);
			path = Components;
			sourceTree = "<group>";
		};
		636C641A24F7E9BF00356F57 /* User Photos */ = {
			isa = PBXGroup;
			children = (
				636C641B24F7EA0100356F57 /* UserPhotosViewController.swift */,
			);
			path = "User Photos";
			sourceTree = "<group>";
		};
		6370CDFE250D0D0F00F7BDB4 /* Network Service */ = {
			isa = PBXGroup;
			children = (
				63D1C8DB24F2E70D00F39111 /* NetworkService.swift */,
				63D1C8E624F2E84B00F39111 /* Models */,
				6370CE03250D2BA000F7BDB4 /* Parametrs Models */,
			);
			path = "Network Service";
			sourceTree = "<group>";
		};
		6370CE03250D2BA000F7BDB4 /* Parametrs Models */ = {
			isa = PBXGroup;
			children = (
				6370CE04250D2BD400F7BDB4 /* FriendsParametrs.swift */,
				6370CE06250D343300F7BDB4 /* GropsRequestParams.swift */,
				6370CE08250D351E00F7BDB4 /* RequestParametrizable.swift */,
				6370CE12250D529A00F7BDB4 /* RequestParams.swift */,
			);
			path = "Parametrs Models";
			sourceTree = "<group>";
		};
		6370CE0D250D3A5300F7BDB4 /* New Group */ = {
			isa = PBXGroup;
			children = (
			);
			path = "New Group";
			sourceTree = "<group>";
		};
		6370CE162516544E00F7BDB4 /* User News */ = {
			isa = PBXGroup;
			children = (
				63F353B2251655850051B294 /* NewsViewController.swift */,
			);
			path = "User News";
			sourceTree = "<group>";
		};
		63AFAA0F2506441D00B08FFE /* Extensions */ = {
			isa = PBXGroup;
			children = (
				63AFAA102506446500B08FFE /* ViewControllerExtensions.swift */,
			);
			path = Extensions;
			sourceTree = "<group>";
		};
		63AFAA1225064A2300B08FFE /* Log In */ = {
			isa = PBXGroup;
			children = (
				63D1C8DE24F2E76E00F39111 /* VKLoginController.swift */,
				63AFAA0D250640CF00B08FFE /* CustomLoginViewController.swift */,
			);
			path = "Log In";
			sourceTree = "<group>";
		};
		63D1C89C24F2E57E00F39111 = {
			isa = PBXGroup;
			children = (
				63D1C8A724F2E57E00F39111 /* vk */,
				63D1C8BE24F2E58300F39111 /* vkTests */,
				63D1C8C924F2E58300F39111 /* vkUITests */,
				63D1C8A624F2E57E00F39111 /* Products */,
				37B3E1869CD90B04F0892B1C /* Pods */,
				DE7C73BFECD6F4422C4E4A3A /* Frameworks */,
			);
			sourceTree = "<group>";
		};
		63D1C8A624F2E57E00F39111 /* Products */ = {
			isa = PBXGroup;
			children = (
				63D1C8A524F2E57E00F39111 /* vk.app */,
				63D1C8BB24F2E58300F39111 /* vkTests.xctest */,
				63D1C8C624F2E58300F39111 /* vkUITests.xctest */,
			);
			name = Products;
			sourceTree = "<group>";
		};
		63D1C8A724F2E57E00F39111 /* vk */ = {
			isa = PBXGroup;
			children = (
				63D1C8D824F2E6BC00F39111 /* Servises */,
				636C641624F4E52800356F57 /* Screens */,
				63AFAA0F2506441D00B08FFE /* Extensions */,
				636C63CD24F466F300356F57 /* Fonts */,
				636C63CE24F4672700356F57 /* Supporting Files */,
				63D1C8B624F2E58300F39111 /* Info.plist */,
				63AFAA0B25063CD800B08FFE /* GoogleService-Info.plist */,
			);
			path = vk;
			sourceTree = "<group>";
		};
		63D1C8BE24F2E58300F39111 /* vkTests */ = {
			isa = PBXGroup;
			children = (
				63D1C8BF24F2E58300F39111 /* vkTests.swift */,
				63D1C8C124F2E58300F39111 /* Info.plist */,
			);
			path = vkTests;
			sourceTree = "<group>";
		};
		63D1C8C924F2E58300F39111 /* vkUITests */ = {
			isa = PBXGroup;
			children = (
				63D1C8CA24F2E58300F39111 /* vkUITests.swift */,
				63D1C8CC24F2E58300F39111 /* Info.plist */,
			);
			path = vkUITests;
			sourceTree = "<group>";
		};
		63D1C8D824F2E6BC00F39111 /* Servises */ = {
			isa = PBXGroup;
			children = (
				63D1C8D924F2E6D600F39111 /* Session.swift */,
				636C641224F4897D00356F57 /* RealmService.swift */,
				6370CDFE250D0D0F00F7BDB4 /* Network Service */,
			);
			path = Servises;
			sourceTree = "<group>";
		};
		63D1C8DD24F2E73100F39111 /* User Groups */ = {
			isa = PBXGroup;
			children = (
				636C641924F4E63800356F57 /* Components */,
				63D1C8E224F2E80000F39111 /* MyGroupsViewController.swift */,
			);
			path = "User Groups";
			sourceTree = "<group>";
		};
		63D1C8E624F2E84B00F39111 /* Models */ = {
			isa = PBXGroup;
			children = (
				63D1C91824F3093B00F39111 /* Response.swift */,
				63D1C8E724F2E8AD00F39111 /* UserFriendsModel.swift */,
				636C641D2500D68800356F57 /* UserFriendModel.swift */,
				63D1C8E924F2E8DA00F39111 /* UserModel.swift */,
				63D1C91624F306E800F39111 /* City.swift */,
				63D1C8EB24F2E8FD00F39111 /* UserGroupsModel.swift */,
				63D1C8ED24F2E92400F39111 /* UserGroupInvitationModel.swift */,
				63D1C8EF24F2E94300F39111 /* GroupModel.swift */,
				63D1C8F124F2E96100F39111 /* Post.swift */,
			);
			path = Models;
			sourceTree = "<group>";
		};
		DE7C73BFECD6F4422C4E4A3A /* Frameworks */ = {
			isa = PBXGroup;
			children = (
				63D1C8E024F2E78D00F39111 /* WebKit.framework */,
				6C12623064DD68FBD8A28EAA /* Pods_vk.framework */,
			);
			name = Frameworks;
			sourceTree = "<group>";
		};
/* End PBXGroup section */

/* Begin PBXNativeTarget section */
		63D1C8A424F2E57E00F39111 /* vk */ = {
			isa = PBXNativeTarget;
			buildConfigurationList = 63D1C8CF24F2E58300F39111 /* Build configuration list for PBXNativeTarget "vk" */;
			buildPhases = (
				076F671300510AB1C83E4F49 /* [CP] Check Pods Manifest.lock */,
				63D1C8A124F2E57E00F39111 /* Sources */,
				63D1C8A224F2E57E00F39111 /* Frameworks */,
				63D1C8A324F2E57E00F39111 /* Resources */,
				9DDD2BAFB29F5D4A2C9CE04C /* [CP] Embed Pods Frameworks */,
			);
			buildRules = (
			);
			dependencies = (
			);
			name = vk;
			productName = vk;
			productReference = 63D1C8A524F2E57E00F39111 /* vk.app */;
			productType = "com.apple.product-type.application";
		};
		63D1C8BA24F2E58300F39111 /* vkTests */ = {
			isa = PBXNativeTarget;
			buildConfigurationList = 63D1C8D224F2E58300F39111 /* Build configuration list for PBXNativeTarget "vkTests" */;
			buildPhases = (
				63D1C8B724F2E58300F39111 /* Sources */,
				63D1C8B824F2E58300F39111 /* Frameworks */,
				63D1C8B924F2E58300F39111 /* Resources */,
			);
			buildRules = (
			);
			dependencies = (
				63D1C8BD24F2E58300F39111 /* PBXTargetDependency */,
			);
			name = vkTests;
			productName = vkTests;
			productReference = 63D1C8BB24F2E58300F39111 /* vkTests.xctest */;
			productType = "com.apple.product-type.bundle.unit-test";
		};
		63D1C8C524F2E58300F39111 /* vkUITests */ = {
			isa = PBXNativeTarget;
			buildConfigurationList = 63D1C8D524F2E58300F39111 /* Build configuration list for PBXNativeTarget "vkUITests" */;
			buildPhases = (
				63D1C8C224F2E58300F39111 /* Sources */,
				63D1C8C324F2E58300F39111 /* Frameworks */,
				63D1C8C424F2E58300F39111 /* Resources */,
			);
			buildRules = (
			);
			dependencies = (
				63D1C8C824F2E58300F39111 /* PBXTargetDependency */,
			);
			name = vkUITests;
			productName = vkUITests;
			productReference = 63D1C8C624F2E58300F39111 /* vkUITests.xctest */;
			productType = "com.apple.product-type.bundle.ui-testing";
		};
/* End PBXNativeTarget section */

/* Begin PBXProject section */
		63D1C89D24F2E57E00F39111 /* Project object */ = {
			isa = PBXProject;
			attributes = {
				LastSwiftUpdateCheck = 1160;
				LastUpgradeCheck = 1160;
				ORGANIZATIONNAME = MACUSER;
				TargetAttributes = {
					63D1C8A424F2E57E00F39111 = {
						CreatedOnToolsVersion = 11.6;
					};
					63D1C8BA24F2E58300F39111 = {
						CreatedOnToolsVersion = 11.6;
						TestTargetID = 63D1C8A424F2E57E00F39111;
					};
					63D1C8C524F2E58300F39111 = {
						CreatedOnToolsVersion = 11.6;
						TestTargetID = 63D1C8A424F2E57E00F39111;
					};
				};
			};
			buildConfigurationList = 63D1C8A024F2E57E00F39111 /* Build configuration list for PBXProject "vk" */;
			compatibilityVersion = "Xcode 9.3";
			developmentRegion = en;
			hasScannedForEncodings = 0;
			knownRegions = (
				en,
				Base,
			);
			mainGroup = 63D1C89C24F2E57E00F39111;
			productRefGroup = 63D1C8A624F2E57E00F39111 /* Products */;
			projectDirPath = "";
			projectRoot = "";
			targets = (
				63D1C8A424F2E57E00F39111 /* vk */,
				63D1C8BA24F2E58300F39111 /* vkTests */,
				63D1C8C524F2E58300F39111 /* vkUITests */,
			);
		};
/* End PBXProject section */

/* Begin PBXResourcesBuildPhase section */
		63D1C8A324F2E57E00F39111 /* Resources */ = {
			isa = PBXResourcesBuildPhase;
			buildActionMask = 2147483647;
			files = (
				636C640F24F4678900356F57 /* LICENSE.txt in Resources */,
				636C640A24F4678900356F57 /* RobotoSlab-Bold.ttf in Resources */,
				636C63E824F4675F00356F57 /* FiraSans-Bold.ttf in Resources */,
				636C640824F4678900356F57 /* RobotoSlab-Thin.ttf in Resources */,
				636C63E924F4675F00356F57 /* FiraSans-ExtraLight.ttf in Resources */,
				636C640424F4678900356F57 /* RobotoSlab-VariableFont_wght.ttf in Resources */,
				636C63F124F4675F00356F57 /* FiraSans-SemiBold.ttf in Resources */,
				636C63E324F4675F00356F57 /* FiraSans-Thin.ttf in Resources */,
				63D1C8B524F2E58300F39111 /* LaunchScreen.storyboard in Resources */,
				636C640D24F4678900356F57 /* RobotoSlab-Regular.ttf in Resources */,
				636C640524F4678900356F57 /* RobotoSlab-Medium.ttf in Resources */,
				636C640724F4678900356F57 /* RobotoSlab-ExtraBold.ttf in Resources */,
				636C640924F4678900356F57 /* RobotoSlab-Black.ttf in Resources */,
				636C63F524F4675F00356F57 /* FiraSans-Italic.ttf in Resources */,
				636C640E24F4678900356F57 /* README.txt in Resources */,
				636C63F024F4675F00356F57 /* FiraSans-ExtraBold.ttf in Resources */,
				636C63ED24F4675F00356F57 /* FiraSans-Light.ttf in Resources */,
				636C63EB24F4675F00356F57 /* FiraSans-MediumItalic.ttf in Resources */,
				636C640C24F4678900356F57 /* RobotoSlab-ExtraLight.ttf in Resources */,
				636C63EF24F4675F00356F57 /* OFL.txt in Resources */,
				636C63E524F4675F00356F57 /* FiraSans-LightItalic.ttf in Resources */,
				636C63EC24F4675F00356F57 /* FiraSans-BlackItalic.ttf in Resources */,
				636C63EE24F4675F00356F57 /* FiraSans-Black.ttf in Resources */,
				636C63E624F4675F00356F57 /* FiraSans-Medium.ttf in Resources */,
				636C63EA24F4675F00356F57 /* FiraSans-ThinItalic.ttf in Resources */,
				636C63F424F4675F00356F57 /* FiraSans-Regular.ttf in Resources */,
				636C63E424F4675F00356F57 /* FiraSans-ExtraLightItalic.ttf in Resources */,
				63AFAA0C25063CD800B08FFE /* GoogleService-Info.plist in Resources */,
				636C63F324F4675F00356F57 /* FiraSans-ExtraBoldItalic.ttf in Resources */,
				636C63F224F4675F00356F57 /* FiraSans-SemiBoldItalic.ttf in Resources */,
				63D1C8B224F2E58300F39111 /* Assets.xcassets in Resources */,
				6370CE0F250D3A6C00F7BDB4 /* UserFriends.storyboard in Resources */,
				636C640B24F4678900356F57 /* RobotoSlab-Light.ttf in Resources */,
				636C63E724F4675F00356F57 /* FiraSans-BoldItalic.ttf in Resources */,
				63D1C8B024F2E57E00F39111 /* Main.storyboard in Resources */,
				636C640624F4678900356F57 /* RobotoSlab-SemiBold.ttf in Resources */,
			);
			runOnlyForDeploymentPostprocessing = 0;
		};
		63D1C8B924F2E58300F39111 /* Resources */ = {
			isa = PBXResourcesBuildPhase;
			buildActionMask = 2147483647;
			files = (
			);
			runOnlyForDeploymentPostprocessing = 0;
		};
		63D1C8C424F2E58300F39111 /* Resources */ = {
			isa = PBXResourcesBuildPhase;
			buildActionMask = 2147483647;
			files = (
			);
			runOnlyForDeploymentPostprocessing = 0;
		};
/* End PBXResourcesBuildPhase section */

/* Begin PBXShellScriptBuildPhase section */
		076F671300510AB1C83E4F49 /* [CP] Check Pods Manifest.lock */ = {
			isa = PBXShellScriptBuildPhase;
			buildActionMask = 2147483647;
			files = (
			);
			inputFileListPaths = (
			);
			inputPaths = (
				"${PODS_PODFILE_DIR_PATH}/Podfile.lock",
				"${PODS_ROOT}/Manifest.lock",
			);
			name = "[CP] Check Pods Manifest.lock";
			outputFileListPaths = (
			);
			outputPaths = (
				"$(DERIVED_FILE_DIR)/Pods-vk-checkManifestLockResult.txt",
			);
			runOnlyForDeploymentPostprocessing = 0;
			shellPath = /bin/sh;
			shellScript = "diff \"${PODS_PODFILE_DIR_PATH}/Podfile.lock\" \"${PODS_ROOT}/Manifest.lock\" > /dev/null\nif [ $? != 0 ] ; then\n    # print error to STDERR\n    echo \"error: The sandbox is not in sync with the Podfile.lock. Run 'pod install' or update your CocoaPods installation.\" >&2\n    exit 1\nfi\n# This output is used by Xcode 'outputs' to avoid re-running this script phase.\necho \"SUCCESS\" > \"${SCRIPT_OUTPUT_FILE_0}\"\n";
			showEnvVarsInLog = 0;
		};
		9DDD2BAFB29F5D4A2C9CE04C /* [CP] Embed Pods Frameworks */ = {
			isa = PBXShellScriptBuildPhase;
			buildActionMask = 2147483647;
			files = (
			);
			inputFileListPaths = (
				"${PODS_ROOT}/Target Support Files/Pods-vk/Pods-vk-frameworks-${CONFIGURATION}-input-files.xcfilelist",
			);
			name = "[CP] Embed Pods Frameworks";
			outputFileListPaths = (
				"${PODS_ROOT}/Target Support Files/Pods-vk/Pods-vk-frameworks-${CONFIGURATION}-output-files.xcfilelist",
			);
			runOnlyForDeploymentPostprocessing = 0;
			shellPath = /bin/sh;
			shellScript = "\"${PODS_ROOT}/Target Support Files/Pods-vk/Pods-vk-frameworks.sh\"\n";
			showEnvVarsInLog = 0;
		};
/* End PBXShellScriptBuildPhase section */

/* Begin PBXSourcesBuildPhase section */
		63D1C8A124F2E57E00F39111 /* Sources */ = {
			isa = PBXSourcesBuildPhase;
			buildActionMask = 2147483647;
			files = (
				63D1C8E324F2E80000F39111 /* MyGroupsViewController.swift in Sources */,
				63D1C8A924F2E57E00F39111 /* AppDelegate.swift in Sources */,
				636C641E2500D68900356F57 /* UserFriendModel.swift in Sources */,
				63D1C8EE24F2E92400F39111 /* UserGroupInvitationModel.swift in Sources */,
				63D1C8FF24F2EA9500F39111 /* GroupInvitationCell.swift in Sources */,
				63D1C8DF24F2E76E00F39111 /* VKLoginController.swift in Sources */,
				63D1C8F224F2E96100F39111 /* Post.swift in Sources */,
				6370CE05250D2BD400F7BDB4 /* FriendsParametrs.swift in Sources */,
				636C63CC24F4395C00356F57 /* GroupHeader.swift in Sources */,
				636C641324F4897D00356F57 /* RealmService.swift in Sources */,
				63D1C8AB24F2E57E00F39111 /* SceneDelegate.swift in Sources */,
				63D1C8F024F2E94300F39111 /* GroupModel.swift in Sources */,
				6370CE09250D351E00F7BDB4 /* RequestParametrizable.swift in Sources */,
				63D1C8FD24F2EA7500F39111 /* GroupCell.swift in Sources */,
				63D1C8F924F2EA1500F39111 /* FriendCell.swift in Sources */,
				63F353B3251655850051B294 /* NewsViewController.swift in Sources */,
				63D1C8E824F2E8AD00F39111 /* UserFriendsModel.swift in Sources */,
				63D1C90524F2EB1800F39111 /* GroupInvitationCellModel.swift in Sources */,
				636C63C824F3EA5200356F57 /* FriendsFirstSectionCell.swift in Sources */,
				63AFAA112506446500B08FFE /* ViewControllerExtensions.swift in Sources */,
				6370CE07250D343300F7BDB4 /* GropsRequestParams.swift in Sources */,
				63D1C90324F2EAFB00F39111 /* GroupCellModel.swift in Sources */,
				63D1C8DC24F2E70D00F39111 /* NetworkService.swift in Sources */,
				63D1C8DA24F2E6D600F39111 /* Session.swift in Sources */,
				63D1C91924F3093B00F39111 /* Response.swift in Sources */,
				63D1C8EA24F2E8DA00F39111 /* UserModel.swift in Sources */,
				636C641C24F7EA0100356F57 /* UserPhotosViewController.swift in Sources */,
				636C63CA24F4392300356F57 /* MyFriendsViewController.swift in Sources */,
				6370CE13250D529A00F7BDB4 /* RequestParams.swift in Sources */,
				63AFAA0E250640CF00B08FFE /* CustomLoginViewController.swift in Sources */,
				63D1C8EC24F2E8FD00F39111 /* UserGroupsModel.swift in Sources */,
				63D1C91724F306E800F39111 /* City.swift in Sources */,
			);
			runOnlyForDeploymentPostprocessing = 0;
		};
		63D1C8B724F2E58300F39111 /* Sources */ = {
			isa = PBXSourcesBuildPhase;
			buildActionMask = 2147483647;
			files = (
				63D1C8C024F2E58300F39111 /* vkTests.swift in Sources */,
			);
			runOnlyForDeploymentPostprocessing = 0;
		};
		63D1C8C224F2E58300F39111 /* Sources */ = {
			isa = PBXSourcesBuildPhase;
			buildActionMask = 2147483647;
			files = (
				63D1C8CB24F2E58300F39111 /* vkUITests.swift in Sources */,
			);
			runOnlyForDeploymentPostprocessing = 0;
		};
/* End PBXSourcesBuildPhase section */

/* Begin PBXTargetDependency section */
		63D1C8BD24F2E58300F39111 /* PBXTargetDependency */ = {
			isa = PBXTargetDependency;
			target = 63D1C8A424F2E57E00F39111 /* vk */;
			targetProxy = 63D1C8BC24F2E58300F39111 /* PBXContainerItemProxy */;
		};
		63D1C8C824F2E58300F39111 /* PBXTargetDependency */ = {
			isa = PBXTargetDependency;
			target = 63D1C8A424F2E57E00F39111 /* vk */;
			targetProxy = 63D1C8C724F2E58300F39111 /* PBXContainerItemProxy */;
		};
/* End PBXTargetDependency section */

/* Begin PBXVariantGroup section */
		63D1C8AE24F2E57E00F39111 /* Main.storyboard */ = {
			isa = PBXVariantGroup;
			children = (
				63D1C8AF24F2E57E00F39111 /* Base */,
			);
			name = Main.storyboard;
			sourceTree = "<group>";
		};
		63D1C8B324F2E58300F39111 /* LaunchScreen.storyboard */ = {
			isa = PBXVariantGroup;
			children = (
				63D1C8B424F2E58300F39111 /* Base */,
			);
			name = LaunchScreen.storyboard;
			sourceTree = "<group>";
		};
/* End PBXVariantGroup section */

/* Begin XCBuildConfiguration section */
		63D1C8CD24F2E58300F39111 /* Debug */ = {
			isa = XCBuildConfiguration;
			buildSettings = {
				ALWAYS_SEARCH_USER_PATHS = NO;
				CLANG_ANALYZER_NONNULL = YES;
				CLANG_ANALYZER_NUMBER_OBJECT_CONVERSION = YES_AGGRESSIVE;
				CLANG_CXX_LANGUAGE_STANDARD = "gnu++14";
				CLANG_CXX_LIBRARY = "libc++";
				CLANG_ENABLE_MODULES = YES;
				CLANG_ENABLE_OBJC_ARC = YES;
				CLANG_ENABLE_OBJC_WEAK = YES;
				CLANG_WARN_BLOCK_CAPTURE_AUTORELEASING = YES;
				CLANG_WARN_BOOL_CONVERSION = YES;
				CLANG_WARN_COMMA = YES;
				CLANG_WARN_CONSTANT_CONVERSION = YES;
				CLANG_WARN_DEPRECATED_OBJC_IMPLEMENTATIONS = YES;
				CLANG_WARN_DIRECT_OBJC_ISA_USAGE = YES_ERROR;
				CLANG_WARN_DOCUMENTATION_COMMENTS = YES;
				CLANG_WARN_EMPTY_BODY = YES;
				CLANG_WARN_ENUM_CONVERSION = YES;
				CLANG_WARN_INFINITE_RECURSION = YES;
				CLANG_WARN_INT_CONVERSION = YES;
				CLANG_WARN_NON_LITERAL_NULL_CONVERSION = YES;
				CLANG_WARN_OBJC_IMPLICIT_RETAIN_SELF = YES;
				CLANG_WARN_OBJC_LITERAL_CONVERSION = YES;
				CLANG_WARN_OBJC_ROOT_CLASS = YES_ERROR;
				CLANG_WARN_RANGE_LOOP_ANALYSIS = YES;
				CLANG_WARN_STRICT_PROTOTYPES = YES;
				CLANG_WARN_SUSPICIOUS_MOVE = YES;
				CLANG_WARN_UNGUARDED_AVAILABILITY = YES_AGGRESSIVE;
				CLANG_WARN_UNREACHABLE_CODE = YES;
				CLANG_WARN__DUPLICATE_METHOD_MATCH = YES;
				COPY_PHASE_STRIP = NO;
				DEBUG_INFORMATION_FORMAT = dwarf;
				ENABLE_STRICT_OBJC_MSGSEND = YES;
				ENABLE_TESTABILITY = YES;
				GCC_C_LANGUAGE_STANDARD = gnu11;
				GCC_DYNAMIC_NO_PIC = NO;
				GCC_NO_COMMON_BLOCKS = YES;
				GCC_OPTIMIZATION_LEVEL = 0;
				GCC_PREPROCESSOR_DEFINITIONS = (
					"DEBUG=1",
					"$(inherited)",
				);
				GCC_WARN_64_TO_32_BIT_CONVERSION = YES;
				GCC_WARN_ABOUT_RETURN_TYPE = YES_ERROR;
				GCC_WARN_UNDECLARED_SELECTOR = YES;
				GCC_WARN_UNINITIALIZED_AUTOS = YES_AGGRESSIVE;
				GCC_WARN_UNUSED_FUNCTION = YES;
				GCC_WARN_UNUSED_VARIABLE = YES;
				IPHONEOS_DEPLOYMENT_TARGET = 13.6;
				MTL_ENABLE_DEBUG_INFO = INCLUDE_SOURCE;
				MTL_FAST_MATH = YES;
				ONLY_ACTIVE_ARCH = YES;
				SDKROOT = iphoneos;
				SWIFT_ACTIVE_COMPILATION_CONDITIONS = DEBUG;
				SWIFT_OPTIMIZATION_LEVEL = "-Onone";
			};
			name = Debug;
		};
		63D1C8CE24F2E58300F39111 /* Release */ = {
			isa = XCBuildConfiguration;
			buildSettings = {
				ALWAYS_SEARCH_USER_PATHS = NO;
				CLANG_ANALYZER_NONNULL = YES;
				CLANG_ANALYZER_NUMBER_OBJECT_CONVERSION = YES_AGGRESSIVE;
				CLANG_CXX_LANGUAGE_STANDARD = "gnu++14";
				CLANG_CXX_LIBRARY = "libc++";
				CLANG_ENABLE_MODULES = YES;
				CLANG_ENABLE_OBJC_ARC = YES;
				CLANG_ENABLE_OBJC_WEAK = YES;
				CLANG_WARN_BLOCK_CAPTURE_AUTORELEASING = YES;
				CLANG_WARN_BOOL_CONVERSION = YES;
				CLANG_WARN_COMMA = YES;
				CLANG_WARN_CONSTANT_CONVERSION = YES;
				CLANG_WARN_DEPRECATED_OBJC_IMPLEMENTATIONS = YES;
				CLANG_WARN_DIRECT_OBJC_ISA_USAGE = YES_ERROR;
				CLANG_WARN_DOCUMENTATION_COMMENTS = YES;
				CLANG_WARN_EMPTY_BODY = YES;
				CLANG_WARN_ENUM_CONVERSION = YES;
				CLANG_WARN_INFINITE_RECURSION = YES;
				CLANG_WARN_INT_CONVERSION = YES;
				CLANG_WARN_NON_LITERAL_NULL_CONVERSION = YES;
				CLANG_WARN_OBJC_IMPLICIT_RETAIN_SELF = YES;
				CLANG_WARN_OBJC_LITERAL_CONVERSION = YES;
				CLANG_WARN_OBJC_ROOT_CLASS = YES_ERROR;
				CLANG_WARN_RANGE_LOOP_ANALYSIS = YES;
				CLANG_WARN_STRICT_PROTOTYPES = YES;
				CLANG_WARN_SUSPICIOUS_MOVE = YES;
				CLANG_WARN_UNGUARDED_AVAILABILITY = YES_AGGRESSIVE;
				CLANG_WARN_UNREACHABLE_CODE = YES;
				CLANG_WARN__DUPLICATE_METHOD_MATCH = YES;
				COPY_PHASE_STRIP = NO;
				DEBUG_INFORMATION_FORMAT = "dwarf-with-dsym";
				ENABLE_NS_ASSERTIONS = NO;
				ENABLE_STRICT_OBJC_MSGSEND = YES;
				GCC_C_LANGUAGE_STANDARD = gnu11;
				GCC_NO_COMMON_BLOCKS = YES;
				GCC_WARN_64_TO_32_BIT_CONVERSION = YES;
				GCC_WARN_ABOUT_RETURN_TYPE = YES_ERROR;
				GCC_WARN_UNDECLARED_SELECTOR = YES;
				GCC_WARN_UNINITIALIZED_AUTOS = YES_AGGRESSIVE;
				GCC_WARN_UNUSED_FUNCTION = YES;
				GCC_WARN_UNUSED_VARIABLE = YES;
				IPHONEOS_DEPLOYMENT_TARGET = 13.6;
				MTL_ENABLE_DEBUG_INFO = NO;
				MTL_FAST_MATH = YES;
				SDKROOT = iphoneos;
				SWIFT_COMPILATION_MODE = wholemodule;
				SWIFT_OPTIMIZATION_LEVEL = "-O";
				VALIDATE_PRODUCT = YES;
			};
			name = Release;
		};
		63D1C8D024F2E58300F39111 /* Debug */ = {
			isa = XCBuildConfiguration;
			baseConfigurationReference = B73DD68D31133B58F1721102 /* Pods-vk.debug.xcconfig */;
			buildSettings = {
				ASSETCATALOG_COMPILER_APPICON_NAME = AppIcon;
				CODE_SIGN_STYLE = Automatic;
				DEVELOPMENT_TEAM = QU9ZBG8S59;
				INFOPLIST_FILE = vk/Info.plist;
				LD_RUNPATH_SEARCH_PATHS = (
					"$(inherited)",
					"@executable_path/Frameworks",
				);
				PRODUCT_BUNDLE_IDENTIFIER = sef.vk;
				PRODUCT_NAME = "$(TARGET_NAME)";
				SWIFT_VERSION = 5.0;
				TARGETED_DEVICE_FAMILY = "1,2";
			};
			name = Debug;
		};
		63D1C8D124F2E58300F39111 /* Release */ = {
			isa = XCBuildConfiguration;
			baseConfigurationReference = 92215BA8DDCA045A64D86C4E /* Pods-vk.release.xcconfig */;
			buildSettings = {
				ASSETCATALOG_COMPILER_APPICON_NAME = AppIcon;
				CODE_SIGN_STYLE = Automatic;
				DEVELOPMENT_TEAM = QU9ZBG8S59;
				INFOPLIST_FILE = vk/Info.plist;
				LD_RUNPATH_SEARCH_PATHS = (
					"$(inherited)",
					"@executable_path/Frameworks",
				);
				PRODUCT_BUNDLE_IDENTIFIER = sef.vk;
				PRODUCT_NAME = "$(TARGET_NAME)";
				SWIFT_VERSION = 5.0;
				TARGETED_DEVICE_FAMILY = "1,2";
			};
			name = Release;
		};
		63D1C8D324F2E58300F39111 /* Debug */ = {
			isa = XCBuildConfiguration;
			buildSettings = {
				ALWAYS_EMBED_SWIFT_STANDARD_LIBRARIES = YES;
				BUNDLE_LOADER = "$(TEST_HOST)";
				CODE_SIGN_STYLE = Automatic;
				INFOPLIST_FILE = vkTests/Info.plist;
				IPHONEOS_DEPLOYMENT_TARGET = 13.6;
				LD_RUNPATH_SEARCH_PATHS = (
					"$(inherited)",
					"@executable_path/Frameworks",
					"@loader_path/Frameworks",
				);
				PRODUCT_BUNDLE_IDENTIFIER = sef.vkTests;
				PRODUCT_NAME = "$(TARGET_NAME)";
				SWIFT_VERSION = 5.0;
				TARGETED_DEVICE_FAMILY = "1,2";
				TEST_HOST = "$(BUILT_PRODUCTS_DIR)/vk.app/vk";
			};
			name = Debug;
		};
		63D1C8D424F2E58300F39111 /* Release */ = {
			isa = XCBuildConfiguration;
			buildSettings = {
				ALWAYS_EMBED_SWIFT_STANDARD_LIBRARIES = YES;
				BUNDLE_LOADER = "$(TEST_HOST)";
				CODE_SIGN_STYLE = Automatic;
				INFOPLIST_FILE = vkTests/Info.plist;
				IPHONEOS_DEPLOYMENT_TARGET = 13.6;
				LD_RUNPATH_SEARCH_PATHS = (
					"$(inherited)",
					"@executable_path/Frameworks",
					"@loader_path/Frameworks",
				);
				PRODUCT_BUNDLE_IDENTIFIER = sef.vkTests;
				PRODUCT_NAME = "$(TARGET_NAME)";
				SWIFT_VERSION = 5.0;
				TARGETED_DEVICE_FAMILY = "1,2";
				TEST_HOST = "$(BUILT_PRODUCTS_DIR)/vk.app/vk";
			};
			name = Release;
		};
		63D1C8D624F2E58300F39111 /* Debug */ = {
			isa = XCBuildConfiguration;
			buildSettings = {
				ALWAYS_EMBED_SWIFT_STANDARD_LIBRARIES = YES;
				CODE_SIGN_STYLE = Automatic;
				INFOPLIST_FILE = vkUITests/Info.plist;
				LD_RUNPATH_SEARCH_PATHS = (
					"$(inherited)",
					"@executable_path/Frameworks",
					"@loader_path/Frameworks",
				);
				PRODUCT_BUNDLE_IDENTIFIER = sef.vkUITests;
				PRODUCT_NAME = "$(TARGET_NAME)";
				SWIFT_VERSION = 5.0;
				TARGETED_DEVICE_FAMILY = "1,2";
				TEST_TARGET_NAME = vk;
			};
			name = Debug;
		};
		63D1C8D724F2E58300F39111 /* Release */ = {
			isa = XCBuildConfiguration;
			buildSettings = {
				ALWAYS_EMBED_SWIFT_STANDARD_LIBRARIES = YES;
				CODE_SIGN_STYLE = Automatic;
				INFOPLIST_FILE = vkUITests/Info.plist;
				LD_RUNPATH_SEARCH_PATHS = (
					"$(inherited)",
					"@executable_path/Frameworks",
					"@loader_path/Frameworks",
				);
				PRODUCT_BUNDLE_IDENTIFIER = sef.vkUITests;
				PRODUCT_NAME = "$(TARGET_NAME)";
				SWIFT_VERSION = 5.0;
				TARGETED_DEVICE_FAMILY = "1,2";
				TEST_TARGET_NAME = vk;
			};
			name = Release;
		};
/* End XCBuildConfiguration section */

/* Begin XCConfigurationList section */
		63D1C8A024F2E57E00F39111 /* Build configuration list for PBXProject "vk" */ = {
			isa = XCConfigurationList;
			buildConfigurations = (
				63D1C8CD24F2E58300F39111 /* Debug */,
				63D1C8CE24F2E58300F39111 /* Release */,
			);
			defaultConfigurationIsVisible = 0;
			defaultConfigurationName = Release;
		};
		63D1C8CF24F2E58300F39111 /* Build configuration list for PBXNativeTarget "vk" */ = {
			isa = XCConfigurationList;
			buildConfigurations = (
				63D1C8D024F2E58300F39111 /* Debug */,
				63D1C8D124F2E58300F39111 /* Release */,
			);
			defaultConfigurationIsVisible = 0;
			defaultConfigurationName = Release;
		};
		63D1C8D224F2E58300F39111 /* Build configuration list for PBXNativeTarget "vkTests" */ = {
			isa = XCConfigurationList;
			buildConfigurations = (
				63D1C8D324F2E58300F39111 /* Debug */,
				63D1C8D424F2E58300F39111 /* Release */,
			);
			defaultConfigurationIsVisible = 0;
			defaultConfigurationName = Release;
		};
		63D1C8D524F2E58300F39111 /* Build configuration list for PBXNativeTarget "vkUITests" */ = {
			isa = XCConfigurationList;
			buildConfigurations = (
				63D1C8D624F2E58300F39111 /* Debug */,
				63D1C8D724F2E58300F39111 /* Release */,
			);
			defaultConfigurationIsVisible = 0;
			defaultConfigurationName = Release;
		};
/* End XCConfigurationList section */
	};
	rootObject = 63D1C89D24F2E57E00F39111 /* Project object */;
}
